{
  "nodes": {
    "nixpkgs": {
      "locked": {
        "lastModified": 1700390070,
        "narHash": "sha256-de9KYi8rSJpqvBfNwscWdalIJXPo8NjdIZcEJum1mH0=",
        "owner": "NixOS",
        "repo": "nixpkgs",
        "rev": "e4ad989506ec7d71f7302cc3067abd82730a4beb",
        "type": "github"
      },
      "original": {
        "id": "nixpkgs",
        "ref": "nixos-unstable",
        "type": "indirect"
      }
    },
    "nixrik": {
      "inputs": {
        "nixpkgs": [
          "nixpkgs"
        ]
      },
      "locked": {
        "lastModified": 1700913879,
        "narHash": "sha256-CdY66H+BQV91zJqbj222WC4hgBZEG3dyos++iLCmOIo=",
        "owner": "erikmannerfelt",
        "repo": "nixrik",
        "rev": "6d04b7ecfbee774be8ad6d04e4afea9961f7bddf",
        "type": "gitlab"
      },
      "original": {
        "owner": "erikmannerfelt",
        "repo": "nixrik",
        "type": "gitlab"
      }
    },
    "root": {
      "inputs": {
        "nixpkgs": "nixpkgs",
        "nixrik": "nixrik"
      }
    }
  },
  "root": "root",
  "version": 7
}
